
Microsoft Visual Studio Solution File, Format Version 12.00
# Visual Studio Version 16
VisualStudioVersion = 16.0.31605.320
MinimumVisualStudioVersion = 10.0.40219.1
Project("{FAE04EC0-301F-11D3-BF4B-00C04F79EFBC}") = "App2.Android", "App2\App2.Android\App2.Android.csproj", "{2ADF7CBD-15E2-4B66-BDD7-0DCA4BF31B28}"
EndProject
Project("{FAE04EC0-301F-11D3-BF4B-00C04F79EFBC}") = "App2.iOS", "App2\App2.iOS\App2.iOS.csproj", "{BC8816AA-1FC6-48AC-9FD9-8272B2EAB331}"
EndProject
Project("{9A19103F-16F7-4668-BE54-9A1E7A4F7556}") = "App2", "App2\App2\App2.csproj", "{FF2A09C4-C2B5-40F7-B211-8C30B456BEEB}"
EndProject
Global
	GlobalSection(SolutionConfigurationPlatforms) = preSolution
		Debug|Any CPU = Debug|Any CPU
		Debug|iPhone = Debug|iPhone
		Debug|iPhoneSimulator = Debug|iPhoneSimulator
		Release|Any CPU = Release|Any CPU
		Release|iPhone = Release|iPhone
		Release|iPhoneSimulator = Release|iPhoneSimulator
	EndGlobalSection
	GlobalSection(ProjectConfigurationPlatforms) = postSolution
		{2ADF7CBD-15E2-4B66-BDD7-0DCA4BF31B28}.Debug|Any CPU.ActiveCfg = Debug|Any CPU
		{2ADF7CBD-15E2-4B66-BDD7-0DCA4BF31B28}.Debug|Any CPU.Build.0 = Debug|Any CPU
		{2ADF7CBD-15E2-4B66-BDD7-0DCA4BF31B28}.Debug|Any CPU.Deploy.0 = Debug|Any CPU
		{2ADF7CBD-15E2-4B66-BDD7-0DCA4BF31B28}.Debug|iPhone.ActiveCfg = Debug|Any CPU
		{2ADF7CBD-15E2-4B66-BDD7-0DCA4BF31B28}.Debug|iPhone.Build.0 = Debug|Any CPU
		{2ADF7CBD-15E2-4B66-BDD7-0DCA4BF31B28}.Debug|iPhone.Deploy.0 = Debug|Any CPU
		{2ADF7CBD-15E2-4B66-BDD7-0DCA4BF31B28}.Debug|iPhoneSimulator.ActiveCfg = Debug|Any CPU
		{2ADF7CBD-15E2-4B66-BDD7-0DCA4BF31B28}.Debug|iPhoneSimulator.Build.0 = Debug|Any CPU
		{2ADF7CBD-15E2-4B66-BDD7-0DCA4BF31B28}.Debug|iPhoneSimulator.Deploy.0 = Debug|Any CPU
		{2ADF7CBD-15E2-4B66-BDD7-0DCA4BF31B28}.Release|Any CPU.ActiveCfg = Release|Any CPU
		{2ADF7CBD-15E2-4B66-BDD7-0DCA4BF31B28}.Release|Any CPU.Build.0 = Release|Any CPU
		{2ADF7CBD-15E2-4B66-BDD7-0DCA4BF31B28}.Release|Any CPU.Deploy.0 = Release|Any CPU
		{2ADF7CBD-15E2-4B66-BDD7-0DCA4BF31B28}.Release|iPhone.ActiveCfg = Release|Any CPU
		{2ADF7CBD-15E2-4B66-BDD7-0DCA4BF31B28}.Release|iPhone.Build.0 = Release|Any CPU
		{2ADF7CBD-15E2-4B66-BDD7-0DCA4BF31B28}.Release|iPhone.Deploy.0 = Release|Any CPU
		{2ADF7CBD-15E2-4B66-BDD7-0DCA4BF31B28}.Release|iPhoneSimulator.ActiveCfg = Release|Any CPU
		{2ADF7CBD-15E2-4B66-BDD7-0DCA4BF31B28}.Release|iPhoneSimulator.Build.0 = Release|Any CPU
		{2ADF7CBD-15E2-4B66-BDD7-0DCA4BF31B28}.Release|iPhoneSimulator.Deploy.0 = Release|Any CPU
		{BC8816AA-1FC6-48AC-9FD9-8272B2EAB331}.Debug|Any CPU.ActiveCfg = Debug|iPhone
		{BC8816AA-1FC6-48AC-9FD9-8272B2EAB331}.Debug|Any CPU.Build.0 = Debug|iPhone
		{BC8816AA-1FC6-48AC-9FD9-8272B2EAB331}.Debug|Any CPU.Deploy.0 = Debug|iPhone
		{BC8816AA-1FC6-48AC-9FD9-8272B2EAB331}.Debug|iPhone.ActiveCfg = Debug|iPhone
		{BC8816AA-1FC6-48AC-9FD9-8272B2EAB331}.Debug|iPhone.Build.0 = Debug|iPhone
		{BC8816AA-1FC6-48AC-9FD9-8272B2EAB331}.Debug|iPhone.Deploy.0 = Debug|iPhone
		{BC8816AA-1FC6-48AC-9FD9-8272B2EAB331}.Debug|iPhoneSimulator.ActiveCfg = Debug|iPhoneSimulator
		{BC8816AA-1FC6-48AC-9FD9-8272B2EAB331}.Debug|iPhoneSimulator.Build.0 = Debug|iPhoneSimulator
		{BC8816AA-1FC6-48AC-9FD9-8272B2EAB331}.Debug|iPhoneSimulator.Deploy.0 = Debug|iPhoneSimulator
		{BC8816AA-1FC6-48AC-9FD9-8272B2EAB331}.Release|Any CPU.ActiveCfg = Release|iPhoneSimulator
		{BC8816AA-1FC6-48AC-9FD9-8272B2EAB331}.Release|Any CPU.Build.0 = Release|iPhoneSimulator
		{BC8816AA-1FC6-48AC-9FD9-8272B2EAB331}.Release|Any CPU.Deploy.0 = Release|iPhoneSimulator
		{BC8816AA-1FC6-48AC-9FD9-8272B2EAB331}.Release|iPhone.ActiveCfg = Release|iPhone
		{BC8816AA-1FC6-48AC-9FD9-8272B2EAB331}.Release|iPhone.Build.0 = Release|iPhone
		{BC8816AA-1FC6-48AC-9FD9-8272B2EAB331}.Release|iPhone.Deploy.0 = Release|iPhone
		{BC8816AA-1FC6-48AC-9FD9-8272B2EAB331}.Release|iPhoneSimulator.ActiveCfg = Release|iPhoneSimulator
		{BC8816AA-1FC6-48AC-9FD9-8272B2EAB331}.Release|iPhoneSimulator.Build.0 = Release|iPhoneSimulator
		{BC8816AA-1FC6-48AC-9FD9-8272B2EAB331}.Release|iPhoneSimulator.Deploy.0 = Release|iPhoneSimulator
		{FF2A09C4-C2B5-40F7-B211-8C30B456BEEB}.Debug|Any CPU.ActiveCfg = Debug|Any CPU
		{FF2A09C4-C2B5-40F7-B211-8C30B456BEEB}.Debug|Any CPU.Build.0 = Debug|Any CPU
		{FF2A09C4-C2B5-40F7-B211-8C30B456BEEB}.Debug|Any CPU.Deploy.0 = Debug|Any CPU
		{FF2A09C4-C2B5-40F7-B211-8C30B456BEEB}.Debug|iPhone.ActiveCfg = Debug|Any CPU
		{FF2A09C4-C2B5-40F7-B211-8C30B456BEEB}.Debug|iPhone.Build.0 = Debug|Any CPU
		{FF2A09C4-C2B5-40F7-B211-8C30B456BEEB}.Debug|iPhone.Deploy.0 = Debug|Any CPU
		{FF2A09C4-C2B5-40F7-B211-8C30B456BEEB}.Debug|iPhoneSimulator.ActiveCfg = Debug|Any CPU
		{FF2A09C4-C2B5-40F7-B211-8C30B456BEEB}.Debug|iPhoneSimulator.Build.0 = Debug|Any CPU
		{FF2A09C4-C2B5-40F7-B211-8C30B456BEEB}.Debug|iPhoneSimulator.Deploy.0 = Debug|Any CPU
		{FF2A09C4-C2B5-40F7-B211-8C30B456BEEB}.Release|Any CPU.ActiveCfg = Release|Any CPU
		{FF2A09C4-C2B5-40F7-B211-8C30B456BEEB}.Release|Any CPU.Build.0 = Release|Any CPU
		{FF2A09C4-C2B5-40F7-B211-8C30B456BEEB}.Release|Any CPU.Deploy.0 = Release|Any CPU
		{FF2A09C4-C2B5-40F7-B211-8C30B456BEEB}.Release|iPhone.ActiveCfg = Release|Any CPU
		{FF2A09C4-C2B5-40F7-B211-8C30B456BEEB}.Release|iPhone.Build.0 = Release|Any CPU
		{FF2A09C4-C2B5-40F7-B211-8C30B456BEEB}.Release|iPhone.Deploy.0 = Release|Any CPU
		{FF2A09C4-C2B5-40F7-B211-8C30B456BEEB}.Release|iPhoneSimulator.ActiveCfg = Release|Any CPU
		{FF2A09C4-C2B5-40F7-B211-8C30B456BEEB}.Release|iPhoneSimulator.Build.0 = Release|Any CPU
		{FF2A09C4-C2B5-40F7-B211-8C30B456BEEB}.Release|iPhoneSimulator.Deploy.0 = Release|Any CPU
	EndGlobalSection
	GlobalSection(SolutionProperties) = preSolution
		HideSolutionNode = FALSE
	EndGlobalSection
	GlobalSection(ExtensibilityGlobals) = postSolution
		SolutionGuid = {D609F9FA-CD32-46E9-B46F-DEF61E668289}
	EndGlobalSection
EndGlobal
